// !$*UTF8*$!
{
	archiveVersion = 1;
	classes = {
	};
	objectVersion = 46;
	objects = {
		C6722B5575E431CCFB089479 = {
			isa = PBXBuildFile;
			fileRef = 583BD7CA6CAC4A6A01F07352;
		};
		EEAD3C8802857C57A31088DC = {
			isa = PBXBuildFile;
			fileRef = 53FEDB8D7D5391237026542C;
		};
		104AF52318EDB120A6A02EC3 = {
			isa = PBXBuildFile;
			fileRef = 89666064EFDD30E403D3C15D;
		};
		9DBA5580D96F41FF7CA67FC8 = {
			isa = PBXBuildFile;
			fileRef = EA6F1B47AC87E441D89034BA;
		};
		830A5B9A7E47AE4A26213219 = {
			isa = PBXBuildFile;
			fileRef = 0BB9FC5002AAE6E3A82403DF;
		};
		9DF8DC1FB3449A01EFB64532 = {
			isa = PBXBuildFile;
			fileRef = D528EEC31B77D8AA212B8658;
		};
		86B93073C238C0D238B236B2 = {
			isa = PBXBuildFile;
			fileRef = BA66246B716ABD30D030D0FF;
		};
		EAEE860AC05F73EBC4B1444F = {
			isa = PBXBuildFile;
			fileRef = EB8B0D2D1F78F68758DEC3EB;
		};
		637932EEC17364E7B6B02CD6 = {
			isa = PBXBuildFile;
			fileRef = BCBE2F1D08B1892AF633260E;
		};
		BDDB0CB606A7C4E22A141D45 = {
			isa = PBXBuildFile;
			fileRef = C493560DF119D5940F2EBEB9;
		};
		2A57599056074FFF7C68E34D = {
			isa = PBXBuildFile;
			fileRef = 026D731F3CA8868FB01C2E89;
		};
		79E6D969B7426CE6157E728E = {
			isa = PBXBuildFile;
			fileRef = 7D429D69FA2E11A64F64DE92;
		};
		0D1C73F82D8995F835B89E53 = {
			isa = PBXBuildFile;
			fileRef = D04D6A25267D1CE0BCCFE4DD;
		};
		B6EF1AC6052B100A16100E78 = {
			isa = PBXBuildFile;
			fileRef = 402ED6E9B9F771F06E886E80;
		};
		DC6C5827118345D5BF0CA38C = {
			isa = PBXBuildFile;
			fileRef = 6A95D50F16CACFD937CC596D;
		};
		C3B1C0937575D91825E17A19 = {
			isa = PBXBuildFile;
			fileRef = F58E169C6E7DBA3897796187;
		};
		9587522BBACB22B0CC37BB1F = {
			isa = PBXBuildFile;
			fileRef = 751F8072C804B83CE4EB7476;
		};
		EBDBD941B6BA49B13C0AE02F = {
			isa = PBXBuildFile;
			fileRef = 9F20C8BBBDC45D1A6351579A;
		};
		312C5E2846BAEB277C57945C = {
			isa = PBXBuildFile;
			fileRef = 3228F1305CEC04638F93E007;
		};
		8F35789149305F7F7D29FDA1 = {
			isa = PBXBuildFile;
			fileRef = C10762A1A4A01F97AEF1DAAC;
		};
		DD8A8DDFA780D39687CC4EE6 = {
			isa = PBXBuildFile;
			fileRef = 6AA11BA859BD952705D673C8;
		};
		A18B6D48CEBDF4AC9BA335F1 = {
			isa = PBXBuildFile;
			fileRef = 677C4E85BDF0981FD87A4AD4;
		};
		0F10CB39ED27688F08A95374 = {
			isa = PBXBuildFile;
			fileRef = DA50B4BC0B1BB2D132FC9BD4;
		};
		4DA8DD5CD310F5E1335647EA = {
			isa = PBXBuildFile;
			fileRef = 28E1B8983803903E6C54375F;
		};
		71E5440D02E6D3DBA746D76F = {
			isa = PBXBuildFile;
			fileRef = F1BAE9E81583674B6226AC54;
		};
		40A828095095504BD4BED2D2 = {
			isa = PBXBuildFile;
			fileRef = FB28AEB0D740EF5D20CA9010;
		};
		006E7048D59EE32EC7AC45C8 = {
			isa = PBXBuildFile;
			fileRef = 3E63D6BC1CC8C9492D2422F6;
		};
		223D8E136C92F51F2CD3B7D8 = {
			isa = PBXBuildFile;
			fileRef = 7C39004072720FBF3B3EC3CB;
		};
		AE39C9073DDFD277797563F1 = {
			isa = PBXBuildFile;
			fileRef = 2697BF6F36638D8B2A327528;
		};
		93576B02E64B2E51A41075F1 = {
			isa = PBXBuildFile;
			fileRef = D22E320E389CB4D976E22174;
		};
		0310B987563D6FA26C1FE711 = {
			isa = PBXBuildFile;
			fileRef = 026C8A36ECF572C30513BDC6;
		};
		60482E844EF8711968AF447F = {
			isa = PBXBuildFile;
			fileRef = B8345C2AC57AEC08FA3A1923;
		};
		81C0A680E2A7C4A0B9040DBE = {
			isa = PBXBuildFile;
			fileRef = FE37DB6A5069B5C190D97435;
		};
		6C39490B707D5EB050F8E94D = {
			isa = PBXBuildFile;
			fileRef = 89E8811E22A4FDBA64E548BF;
		};
		3FBA3FB1D85741EC78EB7F6B = {
			isa = PBXBuildFile;
			fileRef = 32D63F44E3BF20928EE2FF68;
		};
		5B2D2D45D695031A7C63DA33 = {
			isa = PBXBuildFile;
			fileRef = 08C2F81B5715076E1CA7512F;
		};
		AEC2864E5CBD85621AB233C1 = {
			isa = PBXBuildFile;
			fileRef = DA861F41B2574F3D143502B6;
		};
		B424E12525C5109940BBE22A = {
			isa = PBXBuildFile;
			fileRef = 0A9A08B8E654BFDD88921F08;
		};
		F3374AF38858692CC5EFFAF5 = {
			isa = PBXBuildFile;
			fileRef = 83574D89170A03AA28A33EC9;
		};
		54C98D3AAA82555638E0FE03 = {
			isa = PBXBuildFile;
			fileRef = 966F3EB258A5D94DC0F399EA;
		};
		01AF9E722D286F2A95747F3E = {
			isa = PBXFileReference;
			lastKnownFileType = text.plist.xml;
			name = "Info-Standalone_Plugin.plist";
			path = "Info-Standalone_Plugin.plist";
			sourceTree = "SOURCE_ROOT";
		};
		026C8A36ECF572C30513BDC6 = {
			isa = PBXFileReference;
			lastKnownFileType = sourcecode.cpp.objcpp;
			name = "include_juce_audio_plugin_client_VST_utils.mm";
			path = "../../JuceLibraryCode/include_juce_audio_plugin_client_VST_utils.mm";
			sourceTree = "SOURCE_ROOT";
		};
		026D731F3CA8868FB01C2E89 = {
			isa = PBXFileReference;
			lastKnownFileType = wrapper.framework;
			name = CoreAudioKit.framework;
			path = System/Library/Frameworks/CoreAudioKit.framework;
			sourceTree = SDKROOT;
		};
		062783826C7C7E97477269E0 = {
			isa = PBXFileReference;
			lastKnownFileType = sourcecode.c.h;
			name = PluginProcessor.h;
			path = ../../Source/PluginProcessor.h;
			sourceTree = "SOURCE_ROOT";
		};
		08C2F81B5715076E1CA7512F = {
			isa = PBXFileReference;
			lastKnownFileType = sourcecode.cpp.objcpp;
			name = "include_juce_data_structures.mm";
			path = "../../JuceLibraryCode/include_juce_data_structures.mm";
			sourceTree = "SOURCE_ROOT";
		};
		0A9A08B8E654BFDD88921F08 = {
			isa = PBXFileReference;
			lastKnownFileType = sourcecode.cpp.objcpp;
			name = "include_juce_graphics.mm";
			path = "../../JuceLibraryCode/include_juce_graphics.mm";
			sourceTree = "SOURCE_ROOT";
		};
		0B50CA4D1C0ACCE8DE0B37B1 = {
			isa = PBXFileReference;
			lastKnownFileType = sourcecode.c.h;
			name = SfzGlobals.h;
			path = ../../Source/SfzGlobals.h;
			sourceTree = "SOURCE_ROOT";
		};
		0B53B4060F9B2764515B68BA = {
			isa = PBXFileReference;
			lastKnownFileType = sourcecode.c.h;
			name = JuceHelpers.h;
			path = ../../Source/JuceHelpers.h;
			sourceTree = "SOURCE_ROOT";
		};
		0BB9FC5002AAE6E3A82403DF = {
			isa = PBXFileReference;
			lastKnownFileType = wrapper.framework;
			name = Accelerate.framework;
			path = System/Library/Frameworks/Accelerate.framework;
			sourceTree = SDKROOT;
		};
		0C38C6E1A79CB48429422B71 = {
			isa = PBXFileReference;
			lastKnownFileType = text.plist.xml;
			name = "Info-AU.plist";
			path = "Info-AU.plist";
			sourceTree = "SOURCE_ROOT";
		};
		0C617D6846C8B974FED07FF3 = {
			isa = PBXFileReference;
			lastKnownFileType = file;
			name = "juce_graphics";
			path = "~/JUCE/modules/juce_graphics";
			sourceTree = "<absolute>";
		};
		12B7958A44C81306ED3187CF = {
			isa = PBXFileReference;
			lastKnownFileType = sourcecode.c.h;
			name = JuceHeader.h;
			path = ../../JuceLibraryCode/JuceHeader.h;
			sourceTree = "SOURCE_ROOT";
		};
		19E996277AEA90CA387CEA93 = {
			isa = PBXFileReference;
			lastKnownFileType = sourcecode.c.h;
			name = SfzVoice.h;
			path = ../../Source/SfzVoice.h;
			sourceTree = "SOURCE_ROOT";
		};
		1F13D092FB0DE8D2D86E5324 = {
			isa = PBXFileReference;
			lastKnownFileType = sourcecode.c.h;
			name = SfzRegion.h;
			path = ../../Source/SfzRegion.h;
			sourceTree = "SOURCE_ROOT";
		};
		2697BF6F36638D8B2A327528 = {
			isa = PBXFileReference;
			lastKnownFileType = sourcecode.cpp.cpp;
			name = "include_juce_audio_plugin_client_Standalone.cpp";
			path = "../../JuceLibraryCode/include_juce_audio_plugin_client_Standalone.cpp";
			sourceTree = "SOURCE_ROOT";
		};
		28E1B8983803903E6C54375F = {
			isa = PBXFileReference;
			lastKnownFileType = sourcecode.cpp.objcpp;
			name = "include_juce_audio_devices.mm";
			path = "../../JuceLibraryCode/include_juce_audio_devices.mm";
			sourceTree = "SOURCE_ROOT";
		};
		2D207E82D90990563A127539 = {
			isa = PBXFileReference;
			lastKnownFileType = sourcecode.c.h;
			name = StdStringTrimmers.h;
			path = ../../Source/StdStringTrimmers.h;
			sourceTree = "SOURCE_ROOT";
		};
		2E97805A553C4FE352509E37 = {
			isa = PBXFileReference;
			lastKnownFileType = sourcecode.c.h;
			name = SfzDefaults.h;
			path = ../../Source/SfzDefaults.h;
			sourceTree = "SOURCE_ROOT";
		};
		3228F1305CEC04638F93E007 = {
			isa = PBXFileReference;
			lastKnownFileType = sourcecode.cpp.cpp;
			name = SfzSynth.cpp;
			path = ../../Source/SfzSynth.cpp;
			sourceTree = "SOURCE_ROOT";
		};
		32D63F44E3BF20928EE2FF68 = {
			isa = PBXFileReference;
			lastKnownFileType = sourcecode.cpp.objcpp;
			name = "include_juce_core.mm";
			path = "../../JuceLibraryCode/include_juce_core.mm";
			sourceTree = "SOURCE_ROOT";
		};
		3E63D6BC1CC8C9492D2422F6 = {
			isa = PBXFileReference;
			lastKnownFileType = sourcecode.cpp.objcpp;
			name = "include_juce_audio_plugin_client_AU_1.mm";
			path = "../../JuceLibraryCode/include_juce_audio_plugin_client_AU_1.mm";
			sourceTree = "SOURCE_ROOT";
		};
		402ED6E9B9F771F06E886E80 = {
			isa = PBXFileReference;
			lastKnownFileType = wrapper.framework;
			name = IOKit.framework;
			path = System/Library/Frameworks/IOKit.framework;
			sourceTree = SDKROOT;
		};
		4B82A02EC6F6ED6B62FDD3C6 = {
			isa = PBXFileReference;
			lastKnownFileType = file;
			name = "juce_core";
			path = "~/JUCE/modules/juce_core";
			sourceTree = "<absolute>";
		};
		583BD7CA6CAC4A6A01F07352 = {
			isa = PBXFileReference;
			explicitFileType = wrapper.cfbundle;
			includeInIndex = 0;
			path = sfizz.vst3;
			sourceTree = "BUILT_PRODUCTS_DIR";
		};
		53FEDB8D7D5391237026542C = {
			isa = PBXFileReference;
			explicitFileType = wrapper.cfbundle;
			includeInIndex = 0;
			path = sfizz.component;
			sourceTree = "BUILT_PRODUCTS_DIR";
		};
		5DC7697A36D8FD0A67589B36 = {
			isa = PBXFileReference;
			lastKnownFileType = file;
			name = "juce_events";
			path = "~/JUCE/modules/juce_events";
			sourceTree = "<absolute>";
		};
		61E1CF6712C6017D4A51B01F = {
			isa = PBXFileReference;
			lastKnownFileType = file;
			name = "juce_audio_plugin_client";
			path = "~/JUCE/modules/juce_audio_plugin_client";
			sourceTree = "<absolute>";
		};
		677C4E85BDF0981FD87A4AD4 = {
			isa = PBXFileReference;
			lastKnownFileType = sourcecode.cpp.cpp;
			name = PluginEditor.cpp;
			path = ../../Source/PluginEditor.cpp;
			sourceTree = "SOURCE_ROOT";
		};
		6A95D50F16CACFD937CC596D = {
			isa = PBXFileReference;
			lastKnownFileType = wrapper.framework;
			name = QuartzCore.framework;
			path = System/Library/Frameworks/QuartzCore.framework;
			sourceTree = SDKROOT;
		};
		6AA11BA859BD952705D673C8 = {
			isa = PBXFileReference;
			lastKnownFileType = sourcecode.cpp.cpp;
			name = PluginProcessor.cpp;
			path = ../../Source/PluginProcessor.cpp;
			sourceTree = "SOURCE_ROOT";
		};
		6ABBDCB0606BC7370438DB60 = {
			isa = PBXFileReference;
			lastKnownFileType = file;
			name = "juce_audio_utils";
			path = "~/JUCE/modules/juce_audio_utils";
			sourceTree = "<absolute>";
		};
		6D24802FEC1C56482E9F859D = {
			isa = PBXFileReference;
			lastKnownFileType = file;
			name = "juce_gui_extra";
			path = "~/JUCE/modules/juce_gui_extra";
			sourceTree = "<absolute>";
		};
		737547186BFF1E06F0DA7C6A = {
			isa = PBXFileReference;
			lastKnownFileType = file;
			name = "juce_audio_processors";
			path = "~/JUCE/modules/juce_audio_processors";
			sourceTree = "<absolute>";
		};
		751F8072C804B83CE4EB7476 = {
			isa = PBXFileReference;
			lastKnownFileType = file.nib;
			name = RecentFilesMenuTemplate.nib;
			path = RecentFilesMenuTemplate.nib;
			sourceTree = "SOURCE_ROOT";
		};
		7C39004072720FBF3B3EC3CB = {
			isa = PBXFileReference;
			lastKnownFileType = sourcecode.cpp.objcpp;
			name = "include_juce_audio_plugin_client_AU_2.mm";
			path = "../../JuceLibraryCode/include_juce_audio_plugin_client_AU_2.mm";
			sourceTree = "SOURCE_ROOT";
		};
		7D429D69FA2E11A64F64DE92 = {
			isa = PBXFileReference;
			lastKnownFileType = wrapper.framework;
			name = CoreMIDI.framework;
			path = System/Library/Frameworks/CoreMIDI.framework;
			sourceTree = SDKROOT;
		};
		80A5E064FD9343384C596F50 = {
			isa = PBXFileReference;
			lastKnownFileType = sourcecode.c.h;
			name = SfzCCEnvelope.h;
			path = ../../Source/SfzCCEnvelope.h;
			sourceTree = "SOURCE_ROOT";
		};
		83574D89170A03AA28A33EC9 = {
			isa = PBXFileReference;
			lastKnownFileType = sourcecode.cpp.objcpp;
			name = "include_juce_gui_basics.mm";
			path = "../../JuceLibraryCode/include_juce_gui_basics.mm";
			sourceTree = "SOURCE_ROOT";
		};
		85ECB3242357F40EBEB81A8C = {
			isa = PBXFileReference;
			lastKnownFileType = sourcecode.c.h;
			name = PluginEditor.h;
			path = ../../Source/PluginEditor.h;
			sourceTree = "SOURCE_ROOT";
		};
		89666064EFDD30E403D3C15D = {
			isa = PBXFileReference;
			explicitFileType = wrapper.application;
			includeInIndex = 0;
			path = sfizz.app;
			sourceTree = "BUILT_PRODUCTS_DIR";
		};
		89E8811E22A4FDBA64E548BF = {
			isa = PBXFileReference;
			lastKnownFileType = sourcecode.cpp.objcpp;
			name = "include_juce_audio_utils.mm";
			path = "../../JuceLibraryCode/include_juce_audio_utils.mm";
			sourceTree = "SOURCE_ROOT";
		};
		966F3EB258A5D94DC0F399EA = {
			isa = PBXFileReference;
			lastKnownFileType = sourcecode.cpp.objcpp;
			name = "include_juce_gui_extra.mm";
			path = "../../JuceLibraryCode/include_juce_gui_extra.mm";
			sourceTree = "SOURCE_ROOT";
		};
		9B804CB559A5148A56171B96 = {
			isa = PBXFileReference;
			lastKnownFileType = sourcecode.c.h;
			name = SfzContainer.h;
			path = ../../Source/SfzContainer.h;
			sourceTree = "SOURCE_ROOT";
		};
		9F20C8BBBDC45D1A6351579A = {
			isa = PBXFileReference;
			lastKnownFileType = sourcecode.cpp.cpp;
			name = SfzRegion.cpp;
			path = ../../Source/SfzRegion.cpp;
			sourceTree = "SOURCE_ROOT";
		};
		A14660A6776F66305D11CD31 = {
			isa = PBXFileReference;
			lastKnownFileType = text.plist.xml;
			name = "Info-VST3.plist";
			path = "Info-VST3.plist";
			sourceTree = "SOURCE_ROOT";
		};
		A2CD42BD8FD66A7AE37E5019 = {
			isa = PBXFileReference;
			lastKnownFileType = sourcecode.c.h;
			name = SfzEnvelope.h;
			path = ../../Source/SfzEnvelope.h;
			sourceTree = "SOURCE_ROOT";
		};
		AEA0CB9D08D7DA4C28CB80E5 = {
			isa = PBXFileReference;
			lastKnownFileType = file;
			name = "juce_audio_devices";
			path = "~/JUCE/modules/juce_audio_devices";
			sourceTree = "<absolute>";
		};
		B8345C2AC57AEC08FA3A1923 = {
			isa = PBXFileReference;
			lastKnownFileType = sourcecode.cpp.cpp;
			name = "include_juce_audio_plugin_client_VST3.cpp";
			path = "../../JuceLibraryCode/include_juce_audio_plugin_client_VST3.cpp";
			sourceTree = "SOURCE_ROOT";
		};
		BA66246B716ABD30D030D0FF = {
			isa = PBXFileReference;
			lastKnownFileType = wrapper.framework;
			name = AudioUnit.framework;
			path = System/Library/Frameworks/AudioUnit.framework;
			sourceTree = SDKROOT;
		};
		BC534413BDE90D6FBB90B383 = {
			isa = PBXFileReference;
			lastKnownFileType = file;
			name = "juce_audio_formats";
			path = "~/JUCE/modules/juce_audio_formats";
			sourceTree = "<absolute>";
		};
		BCBE2F1D08B1892AF633260E = {
			isa = PBXFileReference;
			lastKnownFileType = wrapper.framework;
			name = Cocoa.framework;
			path = System/Library/Frameworks/Cocoa.framework;
			sourceTree = SDKROOT;
		};
		BD4B1854B6A391EB742829E0 = {
			isa = PBXFileReference;
			lastKnownFileType = text.plist.xml;
			name = sfizz.entitlements;
			path = sfizz.entitlements;
			sourceTree = "SOURCE_ROOT";
		};
		BF112B8949EF67F0A861C420 = {
			isa = PBXFileReference;
			lastKnownFileType = sourcecode.c.h;
			name = SfzOpcode.h;
			path = ../../Source/SfzOpcode.h;
			sourceTree = "SOURCE_ROOT";
		};
		C10762A1A4A01F97AEF1DAAC = {
			isa = PBXFileReference;
			lastKnownFileType = sourcecode.cpp.cpp;
			name = SfzVoice.cpp;
			path = ../../Source/SfzVoice.cpp;
			sourceTree = "SOURCE_ROOT";
		};
		C493560DF119D5940F2EBEB9 = {
			isa = PBXFileReference;
			lastKnownFileType = wrapper.framework;
			name = CoreAudio.framework;
			path = System/Library/Frameworks/CoreAudio.framework;
			sourceTree = SDKROOT;
		};
		C76FE75CB1CB13ADC358E147 = {
			isa = PBXFileReference;
			lastKnownFileType = file;
			name = "juce_data_structures";
			path = "~/JUCE/modules/juce_data_structures";
			sourceTree = "<absolute>";
		};
		CEB0D0E5DE6732E8759669FA = {
			isa = PBXFileReference;
			lastKnownFileType = sourcecode.c.h;
			name = SfzFilePool.h;
			path = ../../Source/SfzFilePool.h;
			sourceTree = "SOURCE_ROOT";
		};
		D04D6A25267D1CE0BCCFE4DD = {
			isa = PBXFileReference;
			lastKnownFileType = wrapper.framework;
			name = DiscRecording.framework;
			path = System/Library/Frameworks/DiscRecording.framework;
			sourceTree = SDKROOT;
		};
		D22E320E389CB4D976E22174 = {
			isa = PBXFileReference;
			lastKnownFileType = sourcecode.cpp.cpp;
			name = "include_juce_audio_plugin_client_utils.cpp";
			path = "../../JuceLibraryCode/include_juce_audio_plugin_client_utils.cpp";
			sourceTree = "SOURCE_ROOT";
		};
		D528EEC31B77D8AA212B8658 = {
			isa = PBXFileReference;
			lastKnownFileType = wrapper.framework;
			name = AudioToolbox.framework;
			path = System/Library/Frameworks/AudioToolbox.framework;
			sourceTree = SDKROOT;
		};
		DA50B4BC0B1BB2D132FC9BD4 = {
			isa = PBXFileReference;
			lastKnownFileType = sourcecode.cpp.objcpp;
			name = "include_juce_audio_basics.mm";
			path = "../../JuceLibraryCode/include_juce_audio_basics.mm";
			sourceTree = "SOURCE_ROOT";
		};
		DA861F41B2574F3D143502B6 = {
			isa = PBXFileReference;
			lastKnownFileType = sourcecode.cpp.objcpp;
			name = "include_juce_events.mm";
			path = "../../JuceLibraryCode/include_juce_events.mm";
			sourceTree = "SOURCE_ROOT";
		};
		DE1165A0FBFFC15341BE6BAE = {
			isa = PBXFileReference;
			lastKnownFileType = sourcecode.c.h;
			name = SfzSynth.h;
			path = ../../Source/SfzSynth.h;
			sourceTree = "SOURCE_ROOT";
		};
		EA6F1B47AC87E441D89034BA = {
			isa = PBXFileReference;
			explicitFileType = archive.ar;
			includeInIndex = 0;
			path = libsfizz.a;
			sourceTree = "BUILT_PRODUCTS_DIR";
		};
		EB8B0D2D1F78F68758DEC3EB = {
			isa = PBXFileReference;
			lastKnownFileType = wrapper.framework;
			name = Carbon.framework;
			path = System/Library/Frameworks/Carbon.framework;
			sourceTree = SDKROOT;
		};
		EC507842DE711DDAD09D8403 = {
			isa = PBXFileReference;
			lastKnownFileType = file;
			name = "juce_gui_basics";
			path = "~/JUCE/modules/juce_gui_basics";
			sourceTree = "<absolute>";
		};
		F01D4982FD810808840F8F04 = {
			isa = PBXFileReference;
			lastKnownFileType = sourcecode.c.h;
			name = AppConfig.h;
			path = ../../JuceLibraryCode/AppConfig.h;
			sourceTree = "SOURCE_ROOT";
		};
		F122C18E1DAD274CDC8FBCC0 = {
			isa = PBXFileReference;
			lastKnownFileType = file;
			name = "juce_audio_basics";
			path = "~/JUCE/modules/juce_audio_basics";
			sourceTree = "<absolute>";
		};
		F1BAE9E81583674B6226AC54 = {
			isa = PBXFileReference;
			lastKnownFileType = sourcecode.cpp.objcpp;
			name = "include_juce_audio_formats.mm";
			path = "../../JuceLibraryCode/include_juce_audio_formats.mm";
			sourceTree = "SOURCE_ROOT";
		};
		F58E169C6E7DBA3897796187 = {
			isa = PBXFileReference;
			lastKnownFileType = wrapper.framework;
			name = WebKit.framework;
			path = System/Library/Frameworks/WebKit.framework;
			sourceTree = SDKROOT;
		};
		FB28AEB0D740EF5D20CA9010 = {
			isa = PBXFileReference;
			lastKnownFileType = file.r;
			name = "include_juce_audio_plugin_client_AU.r";
			path = "../../JuceLibraryCode/include_juce_audio_plugin_client_AU.r";
			sourceTree = "SOURCE_ROOT";
		};
		FE37DB6A5069B5C190D97435 = {
			isa = PBXFileReference;
			lastKnownFileType = sourcecode.cpp.objcpp;
			name = "include_juce_audio_processors.mm";
			path = "../../JuceLibraryCode/include_juce_audio_processors.mm";
			sourceTree = "SOURCE_ROOT";
		};
		037202BF4095371D7CA7E506 = {
			isa = PBXGroup;
			children = (
				0B53B4060F9B2764515B68BA,
				80A5E064FD9343384C596F50,
				9B804CB559A5148A56171B96,
				2E97805A553C4FE352509E37,
				A2CD42BD8FD66A7AE37E5019,
				CEB0D0E5DE6732E8759669FA,
				0B50CA4D1C0ACCE8DE0B37B1,
				BF112B8949EF67F0A861C420,
				9F20C8BBBDC45D1A6351579A,
				1F13D092FB0DE8D2D86E5324,
				3228F1305CEC04638F93E007,
				DE1165A0FBFFC15341BE6BAE,
				C10762A1A4A01F97AEF1DAAC,
				19E996277AEA90CA387CEA93,
				2D207E82D90990563A127539,
				6AA11BA859BD952705D673C8,
				062783826C7C7E97477269E0,
				677C4E85BDF0981FD87A4AD4,
				85ECB3242357F40EBEB81A8C,
			);
			name = Source;
			sourceTree = "<group>";
		};
		7FC26F8BC29419EF7959F9EC = {
			isa = PBXGroup;
			children = (
				037202BF4095371D7CA7E506,
			);
			name = sfizz;
			sourceTree = "<group>";
		};
		80A1DDBF91EAE24EF4FF9434 = {
			isa = PBXGroup;
			children = (
				F122C18E1DAD274CDC8FBCC0,
				AEA0CB9D08D7DA4C28CB80E5,
				BC534413BDE90D6FBB90B383,
				61E1CF6712C6017D4A51B01F,
				737547186BFF1E06F0DA7C6A,
				6ABBDCB0606BC7370438DB60,
				4B82A02EC6F6ED6B62FDD3C6,
				C76FE75CB1CB13ADC358E147,
				5DC7697A36D8FD0A67589B36,
				0C617D6846C8B974FED07FF3,
				EC507842DE711DDAD09D8403,
				6D24802FEC1C56482E9F859D,
			);
			name = "JUCE Modules";
			sourceTree = "<group>";
		};
		79A411698D85A10C238931C4 = {
			isa = PBXGroup;
			children = (
				F01D4982FD810808840F8F04,
				DA50B4BC0B1BB2D132FC9BD4,
				28E1B8983803903E6C54375F,
				F1BAE9E81583674B6226AC54,
				FB28AEB0D740EF5D20CA9010,
				3E63D6BC1CC8C9492D2422F6,
				7C39004072720FBF3B3EC3CB,
				2697BF6F36638D8B2A327528,
				D22E320E389CB4D976E22174,
				026C8A36ECF572C30513BDC6,
				B8345C2AC57AEC08FA3A1923,
				FE37DB6A5069B5C190D97435,
				89E8811E22A4FDBA64E548BF,
				32D63F44E3BF20928EE2FF68,
				08C2F81B5715076E1CA7512F,
				DA861F41B2574F3D143502B6,
				0A9A08B8E654BFDD88921F08,
				83574D89170A03AA28A33EC9,
				966F3EB258A5D94DC0F399EA,
				12B7958A44C81306ED3187CF,
			);
			name = "JUCE Library Code";
			sourceTree = "<group>";
		};
		DE504AB896688E529BE350B4 = {
			isa = PBXGroup;
			children = (
				A14660A6776F66305D11CD31,
				0C38C6E1A79CB48429422B71,
				01AF9E722D286F2A95747F3E,
				751F8072C804B83CE4EB7476,
			);
			name = Resources;
			sourceTree = "<group>";
		};
		06C49C5E4ED4923B67E0B7C3 = {
			isa = PBXGroup;
			children = (
				0BB9FC5002AAE6E3A82403DF,
				D528EEC31B77D8AA212B8658,
				BA66246B716ABD30D030D0FF,
				EB8B0D2D1F78F68758DEC3EB,
				BCBE2F1D08B1892AF633260E,
				C493560DF119D5940F2EBEB9,
				026D731F3CA8868FB01C2E89,
				7D429D69FA2E11A64F64DE92,
				D04D6A25267D1CE0BCCFE4DD,
				402ED6E9B9F771F06E886E80,
				6A95D50F16CACFD937CC596D,
				F58E169C6E7DBA3897796187,
			);
			name = Frameworks;
			sourceTree = "<group>";
		};
		6BA077440AE9313DAD393614 = {
			isa = PBXGroup;
			children = (
				583BD7CA6CAC4A6A01F07352,
				53FEDB8D7D5391237026542C,
				89666064EFDD30E403D3C15D,
				EA6F1B47AC87E441D89034BA,
			);
			name = Products;
			sourceTree = "<group>";
		};
		F4D0EFA3FC00E5CCE247823F = {
			isa = PBXGroup;
			children = (
				BD4B1854B6A391EB742829E0,
				7FC26F8BC29419EF7959F9EC,
				80A1DDBF91EAE24EF4FF9434,
				79A411698D85A10C238931C4,
				DE504AB896688E529BE350B4,
				06C49C5E4ED4923B67E0B7C3,
				6BA077440AE9313DAD393614,
			);
			name = Source;
			sourceTree = "<group>";
		};
		53C5C15D32FF687CE783535C = {
			isa = XCBuildConfiguration;
			buildSettings = {
				MACOSX_DEPLOYMENT_TARGET = 10.11;
			};
			name = Debug;
		};
		3AFF57E2BE5226A63EDF85FA = {
			isa = XCBuildConfiguration;
			buildSettings = {
				MACOSX_DEPLOYMENT_TARGET = 10.11;
			};
			name = Release;
		};
		F93F6007191B3B1C27337107 = {
			isa = XCBuildConfiguration;
			buildSettings = {
				CLANG_CXX_LANGUAGE_STANDARD = "c++17";
				CLANG_CXX_LIBRARY = "libc++";
				CLANG_LINK_OBJC_RUNTIME = NO;
				COMBINE_HIDPI_IMAGES = YES;
				CONFIGURATION_BUILD_DIR = "$(PROJECT_DIR)/build/$(CONFIGURATION)";
				COPY_PHASE_STRIP = NO;
				DEPLOYMENT_LOCATION = YES;
				DSTROOT = /;
				GCC_DYNAMIC_NO_PIC = NO;
				GCC_OPTIMIZATION_LEVEL = 0;
				GCC_PREPROCESSOR_DEFINITIONS = (
					"_DEBUG=1",
					"DEBUG=1",
					"JUCER_XCODE_MAC_F6D2F4CF=1",
					"JUCE_APP_VERSION=0.0.1",
					"JUCE_APP_VERSION_HEX=0x1",
					"JucePlugin_Build_VST=0",
					"JucePlugin_Build_VST3=1",
					"JucePlugin_Build_AU=0",
					"JucePlugin_Build_AUv3=0",
					"JucePlugin_Build_RTAS=0",
					"JucePlugin_Build_AAX=0",
					"JucePlugin_Build_Standalone=0",
					"JucePlugin_Build_Unity=0",
				);
				GCC_VERSION = com.apple.compilers.llvm.clang.1_0;
				GENERATE_PKGINFO_FILE = YES;
				HEADER_SEARCH_PATHS = (
					"$(HOME)/JUCE/modules/juce_audio_processors/format_types/VST3_SDK",
					"../../JuceLibraryCode",
					"$(HOME)/JUCE/modules",
					"$(HOME)/JUCE/modules/juce_audio_plugin_client",
					"$(inherited)",
				);
				INFOPLIST_FILE = Info-VST3.plist;
				INFOPLIST_PREPROCESS = NO;
				INSTALL_PATH = "$(HOME)/Library/Audio/Plug-Ins/VST3/";
				LIBRARY_STYLE = Bundle;
				MACOSX_DEPLOYMENT_TARGET = 10.11;
				OTHER_LDFLAGS = "-bundle -lsfizz";
				PRODUCT_BUNDLE_IDENTIFIER = org.sfztools.sfizz;
				PRODUCT_NAME = "sfizz";
				USE_HEADERMAP = NO;
				WRAPPER_EXTENSION = vst3;
			};
			name = Debug;
		};
		FBAD14582289DCACBC9D8946 = {
			isa = XCBuildConfiguration;
			buildSettings = {
				CLANG_CXX_LANGUAGE_STANDARD = "c++17";
				CLANG_CXX_LIBRARY = "libc++";
				CLANG_LINK_OBJC_RUNTIME = NO;
				COMBINE_HIDPI_IMAGES = YES;
				CONFIGURATION_BUILD_DIR = "$(PROJECT_DIR)/build/$(CONFIGURATION)";
				DEAD_CODE_STRIPPING = YES;
				DEPLOYMENT_LOCATION = YES;
				DSTROOT = /;
				GCC_GENERATE_DEBUGGING_SYMBOLS = NO;
				GCC_OPTIMIZATION_LEVEL = 3;
				GCC_PREPROCESSOR_DEFINITIONS = (
					"_NDEBUG=1",
					"NDEBUG=1",
					"JUCER_XCODE_MAC_F6D2F4CF=1",
					"JUCE_APP_VERSION=0.0.1",
					"JUCE_APP_VERSION_HEX=0x1",
					"JucePlugin_Build_VST=0",
					"JucePlugin_Build_VST3=1",
					"JucePlugin_Build_AU=0",
					"JucePlugin_Build_AUv3=0",
					"JucePlugin_Build_RTAS=0",
					"JucePlugin_Build_AAX=0",
					"JucePlugin_Build_Standalone=0",
					"JucePlugin_Build_Unity=0",
				);
				GCC_SYMBOLS_PRIVATE_EXTERN = YES;
				GCC_VERSION = com.apple.compilers.llvm.clang.1_0;
				GENERATE_PKGINFO_FILE = YES;
				HEADER_SEARCH_PATHS = (
					"$(HOME)/JUCE/modules/juce_audio_processors/format_types/VST3_SDK",
					"../../JuceLibraryCode",
					"$(HOME)/JUCE/modules",
					"$(HOME)/JUCE/modules/juce_audio_plugin_client",
					"$(inherited)",
				);
				INFOPLIST_FILE = Info-VST3.plist;
				INFOPLIST_PREPROCESS = NO;
				INSTALL_PATH = "$(HOME)/Library/Audio/Plug-Ins/VST3/";
				LIBRARY_STYLE = Bundle;
				LLVM_LTO = YES;
				MACOSX_DEPLOYMENT_TARGET = 10.11;
				OTHER_LDFLAGS = "-bundle -lsfizz";
				PRODUCT_BUNDLE_IDENTIFIER = org.sfztools.sfizz;
				PRODUCT_NAME = "sfizz";
				USE_HEADERMAP = NO;
				WRAPPER_EXTENSION = vst3;
			};
			name = Release;
		};
		FCA29B9C4A6D5D0ECB938B42 = {
			isa = XCBuildConfiguration;
			buildSettings = {
				CLANG_CXX_LANGUAGE_STANDARD = "c++17";
				CLANG_CXX_LIBRARY = "libc++";
				CLANG_LINK_OBJC_RUNTIME = NO;
				COMBINE_HIDPI_IMAGES = YES;
				CONFIGURATION_BUILD_DIR = "$(PROJECT_DIR)/build/$(CONFIGURATION)";
				COPY_PHASE_STRIP = NO;
				DEPLOYMENT_LOCATION = YES;
				DSTROOT = /;
				GCC_DYNAMIC_NO_PIC = NO;
				GCC_OPTIMIZATION_LEVEL = 0;
				GCC_PREPROCESSOR_DEFINITIONS = (
					"_DEBUG=1",
					"DEBUG=1",
					"JUCER_XCODE_MAC_F6D2F4CF=1",
					"JUCE_APP_VERSION=0.0.1",
					"JUCE_APP_VERSION_HEX=0x1",
					"JucePlugin_Build_VST=0",
					"JucePlugin_Build_VST3=0",
					"JucePlugin_Build_AU=1",
					"JucePlugin_Build_AUv3=0",
					"JucePlugin_Build_RTAS=0",
					"JucePlugin_Build_AAX=0",
					"JucePlugin_Build_Standalone=0",
					"JucePlugin_Build_Unity=0",
				);
				GCC_VERSION = com.apple.compilers.llvm.clang.1_0;
				GENERATE_PKGINFO_FILE = YES;
				HEADER_SEARCH_PATHS = (
					"$(HOME)/JUCE/modules/juce_audio_processors/format_types/VST3_SDK",
					"../../JuceLibraryCode",
					"$(HOME)/JUCE/modules",
					"$(HOME)/JUCE/modules/juce_audio_plugin_client",
					"$(inherited)",
				);
				INFOPLIST_FILE = Info-AU.plist;
				INFOPLIST_PREPROCESS = NO;
				INSTALL_PATH = "$(HOME)/Library/Audio/Plug-Ins/Components/";
				LIBRARY_STYLE = Bundle;
				MACOSX_DEPLOYMENT_TARGET = 10.11;
				OTHER_LDFLAGS = "-bundle -lsfizz";
				OTHER_REZFLAGS = "-d ppc_$ppc -d i386_$i386 -d ppc64_$ppc64 -d x86_64_$x86_64 -I /System/Library/Frameworks/CoreServices.framework/Frameworks/CarbonCore.framework/Versions/A/Headers -I \"$(DEVELOPER_DIR)/Extras/CoreAudio/AudioUnits/AUPublic/AUBase\"";
				PRODUCT_BUNDLE_IDENTIFIER = org.sfztools.sfizz;
				PRODUCT_NAME = "sfizz";
				USE_HEADERMAP = NO;
				WRAPPER_EXTENSION = component;
			};
			name = Debug;
		};
		81094E6EECF92AA676955677 = {
			isa = XCBuildConfiguration;
			buildSettings = {
				CLANG_CXX_LANGUAGE_STANDARD = "c++17";
				CLANG_CXX_LIBRARY = "libc++";
				CLANG_LINK_OBJC_RUNTIME = NO;
				COMBINE_HIDPI_IMAGES = YES;
				CONFIGURATION_BUILD_DIR = "$(PROJECT_DIR)/build/$(CONFIGURATION)";
				DEAD_CODE_STRIPPING = YES;
				DEPLOYMENT_LOCATION = YES;
				DSTROOT = /;
				GCC_GENERATE_DEBUGGING_SYMBOLS = NO;
				GCC_OPTIMIZATION_LEVEL = 3;
				GCC_PREPROCESSOR_DEFINITIONS = (
					"_NDEBUG=1",
					"NDEBUG=1",
					"JUCER_XCODE_MAC_F6D2F4CF=1",
					"JUCE_APP_VERSION=0.0.1",
					"JUCE_APP_VERSION_HEX=0x1",
					"JucePlugin_Build_VST=0",
					"JucePlugin_Build_VST3=0",
					"JucePlugin_Build_AU=1",
					"JucePlugin_Build_AUv3=0",
					"JucePlugin_Build_RTAS=0",
					"JucePlugin_Build_AAX=0",
					"JucePlugin_Build_Standalone=0",
					"JucePlugin_Build_Unity=0",
				);
				GCC_SYMBOLS_PRIVATE_EXTERN = YES;
				GCC_VERSION = com.apple.compilers.llvm.clang.1_0;
				GENERATE_PKGINFO_FILE = YES;
				HEADER_SEARCH_PATHS = (
					"$(HOME)/JUCE/modules/juce_audio_processors/format_types/VST3_SDK",
					"../../JuceLibraryCode",
					"$(HOME)/JUCE/modules",
					"$(HOME)/JUCE/modules/juce_audio_plugin_client",
					"$(inherited)",
				);
				INFOPLIST_FILE = Info-AU.plist;
				INFOPLIST_PREPROCESS = NO;
				INSTALL_PATH = "$(HOME)/Library/Audio/Plug-Ins/Components/";
				LIBRARY_STYLE = Bundle;
				LLVM_LTO = YES;
				MACOSX_DEPLOYMENT_TARGET = 10.11;
				OTHER_LDFLAGS = "-bundle -lsfizz";
				OTHER_REZFLAGS = "-d ppc_$ppc -d i386_$i386 -d ppc64_$ppc64 -d x86_64_$x86_64 -I /System/Library/Frameworks/CoreServices.framework/Frameworks/CarbonCore.framework/Versions/A/Headers -I \"$(DEVELOPER_DIR)/Extras/CoreAudio/AudioUnits/AUPublic/AUBase\"";
				PRODUCT_BUNDLE_IDENTIFIER = org.sfztools.sfizz;
				PRODUCT_NAME = "sfizz";
				USE_HEADERMAP = NO;
				WRAPPER_EXTENSION = component;
			};
			name = Release;
		};
		DB87897662B9925BC5F4629E = {
			isa = XCBuildConfiguration;
			buildSettings = {
				CLANG_CXX_LANGUAGE_STANDARD = "c++17";
				CLANG_CXX_LIBRARY = "libc++";
				CLANG_LINK_OBJC_RUNTIME = NO;
				COMBINE_HIDPI_IMAGES = YES;
				CONFIGURATION_BUILD_DIR = "$(PROJECT_DIR)/build/$(CONFIGURATION)";
				COPY_PHASE_STRIP = NO;
				GCC_DYNAMIC_NO_PIC = NO;
				GCC_OPTIMIZATION_LEVEL = 0;
				GCC_PREPROCESSOR_DEFINITIONS = (
					"_DEBUG=1",
					"DEBUG=1",
					"JUCER_XCODE_MAC_F6D2F4CF=1",
					"JUCE_APP_VERSION=0.0.1",
					"JUCE_APP_VERSION_HEX=0x1",
					"JucePlugin_Build_VST=0",
					"JucePlugin_Build_VST3=0",
					"JucePlugin_Build_AU=0",
					"JucePlugin_Build_AUv3=0",
					"JucePlugin_Build_RTAS=0",
					"JucePlugin_Build_AAX=0",
					"JucePlugin_Build_Standalone=1",
					"JucePlugin_Build_Unity=0",
				);
				GCC_VERSION = com.apple.compilers.llvm.clang.1_0;
				HEADER_SEARCH_PATHS = (
					"$(HOME)/JUCE/modules/juce_audio_processors/format_types/VST3_SDK",
					"../../JuceLibraryCode",
					"$(HOME)/JUCE/modules",
					"$(HOME)/JUCE/modules/juce_audio_plugin_client",
					"$(inherited)",
				);
				INFOPLIST_FILE = Info-Standalone_Plugin.plist;
				INFOPLIST_PREPROCESS = NO;
				MACOSX_DEPLOYMENT_TARGET = 10.11;
				OTHER_LDFLAGS = "-lsfizz";
				PRODUCT_BUNDLE_IDENTIFIER = org.sfztools.sfizz;
				PRODUCT_NAME = "sfizz";
				USE_HEADERMAP = NO;
			};
			name = Debug;
		};
		544667209AC37166242A9BCA = {
			isa = XCBuildConfiguration;
			buildSettings = {
				CLANG_CXX_LANGUAGE_STANDARD = "c++17";
				CLANG_CXX_LIBRARY = "libc++";
				CLANG_LINK_OBJC_RUNTIME = NO;
				COMBINE_HIDPI_IMAGES = YES;
				CONFIGURATION_BUILD_DIR = "$(PROJECT_DIR)/build/$(CONFIGURATION)";
				DEAD_CODE_STRIPPING = YES;
				GCC_GENERATE_DEBUGGING_SYMBOLS = NO;
				GCC_OPTIMIZATION_LEVEL = 3;
				GCC_PREPROCESSOR_DEFINITIONS = (
					"_NDEBUG=1",
					"NDEBUG=1",
					"JUCER_XCODE_MAC_F6D2F4CF=1",
					"JUCE_APP_VERSION=0.0.1",
					"JUCE_APP_VERSION_HEX=0x1",
					"JucePlugin_Build_VST=0",
					"JucePlugin_Build_VST3=0",
					"JucePlugin_Build_AU=0",
					"JucePlugin_Build_AUv3=0",
					"JucePlugin_Build_RTAS=0",
					"JucePlugin_Build_AAX=0",
					"JucePlugin_Build_Standalone=1",
					"JucePlugin_Build_Unity=0",
				);
				GCC_SYMBOLS_PRIVATE_EXTERN = YES;
				GCC_VERSION = com.apple.compilers.llvm.clang.1_0;
				HEADER_SEARCH_PATHS = (
					"$(HOME)/JUCE/modules/juce_audio_processors/format_types/VST3_SDK",
					"../../JuceLibraryCode",
					"$(HOME)/JUCE/modules",
					"$(HOME)/JUCE/modules/juce_audio_plugin_client",
					"$(inherited)",
				);
				INFOPLIST_FILE = Info-Standalone_Plugin.plist;
				INFOPLIST_PREPROCESS = NO;
				LLVM_LTO = YES;
				MACOSX_DEPLOYMENT_TARGET = 10.11;
				OTHER_LDFLAGS = "-lsfizz";
				PRODUCT_BUNDLE_IDENTIFIER = org.sfztools.sfizz;
				PRODUCT_NAME = "sfizz";
				USE_HEADERMAP = NO;
			};
			name = Release;
		};
		AB6EE4060E6470941CD79269 = {
			isa = XCBuildConfiguration;
			buildSettings = {
				CLANG_CXX_LANGUAGE_STANDARD = "c++17";
				CLANG_CXX_LIBRARY = "libc++";
				CLANG_LINK_OBJC_RUNTIME = NO;
				COMBINE_HIDPI_IMAGES = YES;
				CONFIGURATION_BUILD_DIR = "$(PROJECT_DIR)/build/$(CONFIGURATION)";
				COPY_PHASE_STRIP = NO;
				GCC_DYNAMIC_NO_PIC = NO;
				GCC_OPTIMIZATION_LEVEL = 0;
				GCC_PREPROCESSOR_DEFINITIONS = (
					"_DEBUG=1",
					"DEBUG=1",
					"JUCER_XCODE_MAC_F6D2F4CF=1",
					"JUCE_APP_VERSION=0.0.1",
					"JUCE_APP_VERSION_HEX=0x1",
					"JucePlugin_Build_VST=0",
					"JucePlugin_Build_VST3=1",
					"JucePlugin_Build_AU=1",
					"JucePlugin_Build_AUv3=0",
					"JucePlugin_Build_RTAS=0",
					"JucePlugin_Build_AAX=0",
					"JucePlugin_Build_Standalone=1",
					"JucePlugin_Build_Unity=0",
					"JUCE_SHARED_CODE=1",
				);
				GCC_VERSION = com.apple.compilers.llvm.clang.1_0;
				HEADER_SEARCH_PATHS = (
					"$(HOME)/JUCE/modules/juce_audio_processors/format_types/VST3_SDK",
					"../../JuceLibraryCode",
					"$(HOME)/JUCE/modules",
					"$(HOME)/JUCE/modules/juce_audio_plugin_client",
					"$(inherited)",
				);
				INSTALL_PATH = "@executable_path/../Frameworks";
				MACOSX_DEPLOYMENT_TARGET = 10.11;
				PRODUCT_BUNDLE_IDENTIFIER = org.sfztools.sfizz;
				PRODUCT_NAME = "sfizz";
				SKIP_INSTALL = YES;
				USE_HEADERMAP = NO;
			};
			name = Debug;
		};
		FE8ECD6C4E59826CFB22D00D = {
			isa = XCBuildConfiguration;
			buildSettings = {
				CLANG_CXX_LANGUAGE_STANDARD = "c++17";
				CLANG_CXX_LIBRARY = "libc++";
				CLANG_LINK_OBJC_RUNTIME = NO;
				COMBINE_HIDPI_IMAGES = YES;
				CONFIGURATION_BUILD_DIR = "$(PROJECT_DIR)/build/$(CONFIGURATION)";
				DEAD_CODE_STRIPPING = YES;
				GCC_GENERATE_DEBUGGING_SYMBOLS = NO;
				GCC_OPTIMIZATION_LEVEL = 3;
				GCC_PREPROCESSOR_DEFINITIONS = (
					"_NDEBUG=1",
					"NDEBUG=1",
					"JUCER_XCODE_MAC_F6D2F4CF=1",
					"JUCE_APP_VERSION=0.0.1",
					"JUCE_APP_VERSION_HEX=0x1",
					"JucePlugin_Build_VST=0",
					"JucePlugin_Build_VST3=1",
					"JucePlugin_Build_AU=1",
					"JucePlugin_Build_AUv3=0",
					"JucePlugin_Build_RTAS=0",
					"JucePlugin_Build_AAX=0",
					"JucePlugin_Build_Standalone=1",
					"JucePlugin_Build_Unity=0",
					"JUCE_SHARED_CODE=1",
				);
				GCC_SYMBOLS_PRIVATE_EXTERN = YES;
				GCC_VERSION = com.apple.compilers.llvm.clang.1_0;
				HEADER_SEARCH_PATHS = (
					"$(HOME)/JUCE/modules/juce_audio_processors/format_types/VST3_SDK",
					"../../JuceLibraryCode",
					"$(HOME)/JUCE/modules",
					"$(HOME)/JUCE/modules/juce_audio_plugin_client",
					"$(inherited)",
				);
				INSTALL_PATH = "@executable_path/../Frameworks";
				LLVM_LTO = YES;
				MACOSX_DEPLOYMENT_TARGET = 10.11;
				PRODUCT_BUNDLE_IDENTIFIER = org.sfztools.sfizz;
				PRODUCT_NAME = "sfizz";
				SKIP_INSTALL = YES;
				USE_HEADERMAP = NO;
			};
			name = Release;
		};
		659BB26DCEF2482894A3D291 = {
			isa = XCBuildConfiguration;
			buildSettings = {
				ALWAYS_SEARCH_USER_PATHS = NO;
				CLANG_ENABLE_OBJC_WEAK = YES;
				CLANG_WARN_BLOCK_CAPTURE_AUTORELEASING = YES;
				CLANG_WARN_BOOL_CONVERSION = YES;
				CLANG_WARN_COMMA = YES;
				CLANG_WARN_CONSTANT_CONVERSION = YES;
				CLANG_WARN_DEPRECATED_OBJC_IMPLEMENTATIONS = YES;
				CLANG_WARN_EMPTY_BODY = YES;
				CLANG_WARN_ENUM_CONVERSION = YES;
				CLANG_WARN_INFINITE_RECURSION = YES;
				CLANG_WARN_INT_CONVERSION = YES;
				CLANG_WARN_NON_LITERAL_NULL_CONVERSION = YES;
				CLANG_WARN_OBJC_IMPLICIT_RETAIN_SELF = YES;
				CLANG_WARN_OBJC_LITERAL_CONVERSION = YES;
				CLANG_WARN_RANGE_LOOP_ANALYSIS = YES;
				CLANG_WARN_STRICT_PROTOTYPES = YES;
				CLANG_WARN_SUSPICIOUS_MOVE = YES;
				CLANG_WARN_UNREACHABLE_CODE = YES;
				CLANG_WARN__DUPLICATE_METHOD_MATCH = YES;
				DEBUG_INFORMATION_FORMAT = dwarf;
				ENABLE_STRICT_OBJC_MSGSEND = YES;
				ENABLE_TESTABILITY = YES;
				GCC_C_LANGUAGE_STANDARD = c11;
				GCC_INLINES_ARE_PRIVATE_EXTERN = YES;
				GCC_MODEL_TUNING = G5;
				GCC_NO_COMMON_BLOCKS = YES;
				GCC_WARN_64_TO_32_BIT_CONVERSION = YES;
				GCC_WARN_ABOUT_RETURN_TYPE = YES;
				GCC_WARN_CHECK_SWITCH_STATEMENTS = YES;
				GCC_WARN_MISSING_PARENTHESES = YES;
				GCC_WARN_NON_VIRTUAL_DESTRUCTOR = YES;
				GCC_WARN_TYPECHECK_CALLS_TO_PRINTF = YES;
				GCC_WARN_UNDECLARED_SELECTOR = YES;
				GCC_WARN_UNINITIALIZED_AUTOS = YES;
				GCC_WARN_UNUSED_FUNCTION = YES;
				GCC_WARN_UNUSED_VARIABLE = YES;
				ONLY_ACTIVE_ARCH = YES;
				PRODUCT_NAME = "sfizz";
				WARNING_CFLAGS = "-Wreorder";
				ZERO_LINK = NO;
			};
			name = Debug;
		};
		8679241BA931ECA67FEEFF1E = {
			isa = XCBuildConfiguration;
			buildSettings = {
				ALWAYS_SEARCH_USER_PATHS = NO;
				CLANG_ENABLE_OBJC_WEAK = YES;
				CLANG_WARN_BLOCK_CAPTURE_AUTORELEASING = YES;
				CLANG_WARN_BOOL_CONVERSION = YES;
				CLANG_WARN_COMMA = YES;
				CLANG_WARN_CONSTANT_CONVERSION = YES;
				CLANG_WARN_DEPRECATED_OBJC_IMPLEMENTATIONS = YES;
				CLANG_WARN_EMPTY_BODY = YES;
				CLANG_WARN_ENUM_CONVERSION = YES;
				CLANG_WARN_INFINITE_RECURSION = YES;
				CLANG_WARN_INT_CONVERSION = YES;
				CLANG_WARN_NON_LITERAL_NULL_CONVERSION = YES;
				CLANG_WARN_OBJC_IMPLICIT_RETAIN_SELF = YES;
				CLANG_WARN_OBJC_LITERAL_CONVERSION = YES;
				CLANG_WARN_RANGE_LOOP_ANALYSIS = YES;
				CLANG_WARN_STRICT_PROTOTYPES = YES;
				CLANG_WARN_SUSPICIOUS_MOVE = YES;
				CLANG_WARN_UNREACHABLE_CODE = YES;
				CLANG_WARN__DUPLICATE_METHOD_MATCH = YES;
				DEBUG_INFORMATION_FORMAT = dwarf;
				ENABLE_STRICT_OBJC_MSGSEND = YES;
				GCC_C_LANGUAGE_STANDARD = c11;
				GCC_INLINES_ARE_PRIVATE_EXTERN = YES;
				GCC_MODEL_TUNING = G5;
				GCC_NO_COMMON_BLOCKS = YES;
				GCC_WARN_64_TO_32_BIT_CONVERSION = YES;
				GCC_WARN_ABOUT_RETURN_TYPE = YES;
				GCC_WARN_CHECK_SWITCH_STATEMENTS = YES;
				GCC_WARN_MISSING_PARENTHESES = YES;
				GCC_WARN_NON_VIRTUAL_DESTRUCTOR = YES;
				GCC_WARN_TYPECHECK_CALLS_TO_PRINTF = YES;
				GCC_WARN_UNDECLARED_SELECTOR = YES;
				GCC_WARN_UNINITIALIZED_AUTOS = YES;
				GCC_WARN_UNUSED_FUNCTION = YES;
				GCC_WARN_UNUSED_VARIABLE = YES;
				PRODUCT_NAME = "sfizz";
				WARNING_CFLAGS = "-Wreorder";
				ZERO_LINK = NO;
			};
			name = Release;
		};
		EB0197C04295A9BEFBDB1093 = {
			isa = PBXTargetDependency;
			target = 9C3E09FC23208E84E2DBF7DA;
		};
		E4E3980A095B5E6C71B1E41D = {
			isa = PBXTargetDependency;
			target = E5E6BC2893A7F6DF78D67120;
		};
		C3DFA873AD41790F8AEBEBBE = {
			isa = PBXTargetDependency;
			target = 6E3E124FBCA4E14E1CEA63F1;
		};
		199C0F11B97761A2CD7004C0 = {
			isa = PBXTargetDependency;
			target = B1240390D0C4E9FF76C1C9A2;
		};
		EA0C7150C1C4E22C512F1844 = {
			isa = XCConfigurationList;
			buildConfigurations = (
				659BB26DCEF2482894A3D291,
				8679241BA931ECA67FEEFF1E,
			);
			defaultConfigurationIsVisible = 0;
			defaultConfigurationName = Debug;
		};
		E71C1A18136ADBCC7F08D2AC = {
			isa = XCConfigurationList;
			buildConfigurations = (
				53C5C15D32FF687CE783535C,
				3AFF57E2BE5226A63EDF85FA,
			);
			defaultConfigurationIsVisible = 0;
			defaultConfigurationName = Debug;
		};
		CE9CC0EE38B63973FC8AB60A = {
			isa = PBXAggregateTarget;
			buildConfigurationList = E71C1A18136ADBCC7F08D2AC;
			buildPhases = ( );
			buildRules = ( );
			dependencies = (
				EB0197C04295A9BEFBDB1093,
				E4E3980A095B5E6C71B1E41D,
				C3DFA873AD41790F8AEBEBBE,
				199C0F11B97761A2CD7004C0,
			);
			name = "sfizz - All";
			productName = sfizz;
		};
		837884C7468DBF3A1FCA8161 = {
			isa = XCConfigurationList;
			buildConfigurations = (
				F93F6007191B3B1C27337107,
				FBAD14582289DCACBC9D8946,
			);
			defaultConfigurationIsVisible = 0;
			defaultConfigurationName = Debug;
		};
		5ED46BF3BE06B17D7BDCF739 = {
			isa = PBXResourcesBuildPhase;
			buildActionMask = 2147483647;
			files = (
				9587522BBACB22B0CC37BB1F,
			);
			runOnlyForDeploymentPostprocessing = 0;
		};
		B6659B990603971B174B600D = {
			isa = PBXSourcesBuildPhase;
			buildActionMask = 2147483647;
			files = (
				60482E844EF8711968AF447F,
			);
			runOnlyForDeploymentPostprocessing = 0;
		};
		166B11793FDCA6BD496EC548 = {
			isa = PBXFrameworksBuildPhase;
			buildActionMask = 2147483647;
			files = (
				830A5B9A7E47AE4A26213219,
				9DF8DC1FB3449A01EFB64532,
				EAEE860AC05F73EBC4B1444F,
				637932EEC17364E7B6B02CD6,
				BDDB0CB606A7C4E22A141D45,
				79E6D969B7426CE6157E728E,
				0D1C73F82D8995F835B89E53,
				B6EF1AC6052B100A16100E78,
				DC6C5827118345D5BF0CA38C,
				C3B1C0937575D91825E17A19,
			);
			runOnlyForDeploymentPostprocessing = 0;
		};
		9C3E09FC23208E84E2DBF7DA = {
			isa = PBXNativeTarget;
			buildConfigurationList = 837884C7468DBF3A1FCA8161;
			buildPhases = (
				5ED46BF3BE06B17D7BDCF739,
				B6659B990603971B174B600D,
				166B11793FDCA6BD496EC548,
			);
			buildRules = ( );
			dependencies = (
				199C0F11B97761A2CD7004C0,
			);
			name = "sfizz - VST3";
			productName = sfizz;
			productReference = 583BD7CA6CAC4A6A01F07352;
			productType = "com.apple.product-type.bundle";
		};
		24C5E4D055E5CDAAEA0E835A = {
			isa = XCConfigurationList;
			buildConfigurations = (
				FCA29B9C4A6D5D0ECB938B42,
				81094E6EECF92AA676955677,
			);
			defaultConfigurationIsVisible = 0;
			defaultConfigurationName = Debug;
		};
		B781754C506B4A85EB5A68C1 = {
			isa = PBXResourcesBuildPhase;
			buildActionMask = 2147483647;
			files = (
				9587522BBACB22B0CC37BB1F,
			);
			runOnlyForDeploymentPostprocessing = 0;
		};
		AFD311774A0AB454F0374A70 = {
			isa = PBXRezBuildPhase;
			buildActionMask = 2147483647;
			files = (
				40A828095095504BD4BED2D2,
			);
			runOnlyForDeploymentPostprocessing = 0;
		};
		7D4ED4B6C5FA04C9BC3930FF = {
			isa = PBXSourcesBuildPhase;
			buildActionMask = 2147483647;
			files = (
				006E7048D59EE32EC7AC45C8,
				223D8E136C92F51F2CD3B7D8,
			);
			runOnlyForDeploymentPostprocessing = 0;
		};
		49F69C4530E66B188F82BEA1 = {
			isa = PBXFrameworksBuildPhase;
			buildActionMask = 2147483647;
			files = (
				830A5B9A7E47AE4A26213219,
				9DF8DC1FB3449A01EFB64532,
				86B93073C238C0D238B236B2,
				EAEE860AC05F73EBC4B1444F,
				637932EEC17364E7B6B02CD6,
				BDDB0CB606A7C4E22A141D45,
				2A57599056074FFF7C68E34D,
				79E6D969B7426CE6157E728E,
				0D1C73F82D8995F835B89E53,
				B6EF1AC6052B100A16100E78,
				DC6C5827118345D5BF0CA38C,
				C3B1C0937575D91825E17A19,
			);
			runOnlyForDeploymentPostprocessing = 0;
		};
		E5E6BC2893A7F6DF78D67120 = {
			isa = PBXNativeTarget;
			buildConfigurationList = 24C5E4D055E5CDAAEA0E835A;
			buildPhases = (
				B781754C506B4A85EB5A68C1,
				AFD311774A0AB454F0374A70,
				7D4ED4B6C5FA04C9BC3930FF,
				49F69C4530E66B188F82BEA1,
			);
			buildRules = ( );
			dependencies = (
				199C0F11B97761A2CD7004C0,
			);
			name = "sfizz - AU";
			productName = sfizz;
			productReference = 53FEDB8D7D5391237026542C;
			productType = "com.apple.product-type.bundle";
		};
		2A1AD2C5FA24DBA6408ABD99 = {
			isa = XCConfigurationList;
			buildConfigurations = (
				DB87897662B9925BC5F4629E,
				544667209AC37166242A9BCA,
			);
			defaultConfigurationIsVisible = 0;
			defaultConfigurationName = Debug;
		};
		E6D7DD6A2A4B4634ED6E8F88 = {
			isa = PBXResourcesBuildPhase;
			buildActionMask = 2147483647;
			files = (
				9587522BBACB22B0CC37BB1F,
			);
			runOnlyForDeploymentPostprocessing = 0;
		};
		CB8561A37D17253188EFBD57 = {
			isa = PBXSourcesBuildPhase;
			buildActionMask = 2147483647;
			files = (
				AE39C9073DDFD277797563F1,
			);
			runOnlyForDeploymentPostprocessing = 0;
		};
		F3501883DBCF69784A2D1ED3 = {
			isa = PBXFrameworksBuildPhase;
			buildActionMask = 2147483647;
			files = (
				830A5B9A7E47AE4A26213219,
				9DF8DC1FB3449A01EFB64532,
				EAEE860AC05F73EBC4B1444F,
				637932EEC17364E7B6B02CD6,
				BDDB0CB606A7C4E22A141D45,
				79E6D969B7426CE6157E728E,
				0D1C73F82D8995F835B89E53,
				B6EF1AC6052B100A16100E78,
				DC6C5827118345D5BF0CA38C,
				C3B1C0937575D91825E17A19,
			);
			runOnlyForDeploymentPostprocessing = 0;
		};
		6E3E124FBCA4E14E1CEA63F1 = {
			isa = PBXNativeTarget;
			buildConfigurationList = 2A1AD2C5FA24DBA6408ABD99;
			buildPhases = (
				E6D7DD6A2A4B4634ED6E8F88,
				CB8561A37D17253188EFBD57,
				F3501883DBCF69784A2D1ED3,
			);
			buildRules = ( );
			dependencies = (
				199C0F11B97761A2CD7004C0,
			);
			name = "sfizz - Standalone Plugin";
			productName = sfizz;
			productReference = 89666064EFDD30E403D3C15D;
			productType = "com.apple.product-type.application";
		};
		D191BD5517892DC8BC4ECA8D = {
			isa = XCConfigurationList;
			buildConfigurations = (
				AB6EE4060E6470941CD79269,
				FE8ECD6C4E59826CFB22D00D,
			);
			defaultConfigurationIsVisible = 0;
			defaultConfigurationName = Debug;
		};
		7226A8EF102416C64003605E = {
			isa = PBXSourcesBuildPhase;
			buildActionMask = 2147483647;
			files = (
				EBDBD941B6BA49B13C0AE02F,
				312C5E2846BAEB277C57945C,
				8F35789149305F7F7D29FDA1,
				DD8A8DDFA780D39687CC4EE6,
				A18B6D48CEBDF4AC9BA335F1,
				0F10CB39ED27688F08A95374,
				4DA8DD5CD310F5E1335647EA,
				71E5440D02E6D3DBA746D76F,
				93576B02E64B2E51A41075F1,
				0310B987563D6FA26C1FE711,
				81C0A680E2A7C4A0B9040DBE,
				6C39490B707D5EB050F8E94D,
				3FBA3FB1D85741EC78EB7F6B,
				5B2D2D45D695031A7C63DA33,
				AEC2864E5CBD85621AB233C1,
				B424E12525C5109940BBE22A,
				F3374AF38858692CC5EFFAF5,
				54C98D3AAA82555638E0FE03,
			);
			runOnlyForDeploymentPostprocessing = 0;
		};
		B1240390D0C4E9FF76C1C9A2 = {
			isa = PBXNativeTarget;
			buildConfigurationList = D191BD5517892DC8BC4ECA8D;
			buildPhases = (
				7226A8EF102416C64003605E,
			);
			buildRules = ( );
			dependencies = ( );
			name = "sfizz - Shared Code";
			productName = sfizz;
			productReference = EA6F1B47AC87E441D89034BA;
			productType = "com.apple.product-type.library.static";
		};
		AA0A677108E002D2FFC8741B = {
			isa = PBXProject;
			buildConfigurationList = EA0C7150C1C4E22C512F1844;
			attributes = { LastUpgradeCheck = 0930; ORGANIZATIONNAME = "SFZTools"; TargetAttributes = { CE9CC0EE38B63973FC8AB60A = { SystemCapabilities = {com.apple.ApplicationGroups.iOS = { enabled = 0; }; com.apple.InAppPurchase = { enabled = 0; }; com.apple.InterAppAudio = { enabled = 0; }; com.apple.Push = { enabled = 0; }; com.apple.Sandbox = { enabled = 0; }; com.apple.HardenedRuntime = { enabled = 0; }; }; };9C3E09FC23208E84E2DBF7DA = { SystemCapabilities = {com.apple.ApplicationGroups.iOS = { enabled = 0; }; com.apple.InAppPurchase = { enabled = 0; }; com.apple.InterAppAudio = { enabled = 0; }; com.apple.Push = { enabled = 0; }; com.apple.Sandbox = { enabled = 0; }; com.apple.HardenedRuntime = { enabled = 0; }; }; };E5E6BC2893A7F6DF78D67120 = { SystemCapabilities = {com.apple.ApplicationGroups.iOS = { enabled = 0; }; com.apple.InAppPurchase = { enabled = 0; }; com.apple.InterAppAudio = { enabled = 0; }; com.apple.Push = { enabled = 0; }; com.apple.Sandbox = { enabled = 0; }; com.apple.HardenedRuntime = { enabled = 0; }; }; };6E3E124FBCA4E14E1CEA63F1 = { SystemCapabilities = {com.apple.ApplicationGroups.iOS = { enabled = 0; }; com.apple.InAppPurchase = { enabled = 0; }; com.apple.InterAppAudio = { enabled = 0; }; com.apple.Push = { enabled = 0; }; com.apple.Sandbox = { enabled = 0; }; com.apple.HardenedRuntime = { enabled = 0; }; }; };B1240390D0C4E9FF76C1C9A2 = { SystemCapabilities = {com.apple.ApplicationGroups.iOS = { enabled = 0; }; com.apple.InAppPurchase = { enabled = 0; }; com.apple.InterAppAudio = { enabled = 0; }; com.apple.Push = { enabled = 0; }; com.apple.Sandbox = { enabled = 0; }; com.apple.HardenedRuntime = { enabled = 0; }; }; }; }; };
			compatibilityVersion = "Xcode 3.2";
			hasScannedForEncodings = 0;
			mainGroup = F4D0EFA3FC00E5CCE247823F;
			projectDirPath = "";
			projectRoot = "";
			targets = (CE9CC0EE38B63973FC8AB60A, 9C3E09FC23208E84E2DBF7DA, E5E6BC2893A7F6DF78D67120, 6E3E124FBCA4E14E1CEA63F1, B1240390D0C4E9FF76C1C9A2);
			knownRegions = (en, Base);
		};
	};
	rootObject = AA0A677108E002D2FFC8741B;
}
